Microsoft Visual Studio Solution File, Format Version 12.00
# Visual Studio Version 17
VisualStudioVersion = 17.5.2.0
MinimumVisualStudioVersion = 10.0.40219.1
Project("{FAE04EC0-301F-11D3-BF4B-00C04F79EFBC}") = "MTS.RazorStarter", "MTS.RazorStarter.csproj", "{DCD1BA1B-1C56-7BB3-0BB4-9A9189933BEE}"
EndProject
Global
	GlobalSection(SolutionConfigurationPlatforms) = preSolution
		Debug|Any CPU = Debug|Any CPU
		Release|Any CPU = Release|Any CPU
	EndGlobalSection
	GlobalSection(ProjectConfigurationPlatforms) = postSolution
		{DCD1BA1B-1C56-7BB3-0BB4-9A9189933BEE}.Debug|Any CPU.ActiveCfg = Debug|Any CPU
		{DCD1BA1B-1C56-7BB3-0BB4-9A9189933BEE}.Debug|Any CPU.Build.0 = Debug|Any CPU
		{DCD1BA1B-1C56-7BB3-0BB4-9A9189933BEE}.Release|Any CPU.ActiveCfg = Release|Any CPU
		{DCD1BA1B-1C56-7BB3-0BB4-9A9189933BEE}.Release|Any CPU.Build.0 = Release|Any CPU
	EndGlobalSection
	GlobalSection(SolutionProperties) = preSolution
		HideSolutionNode = FALSE
	EndGlobalSection
	GlobalSection(ExtensibilityGlobals) = postSolution
		SolutionGuid = {837F0326-0BBC-4913-B651-8161D1924D7E}
	EndGlobalSection
EndGlobal
